// !$*UTF8*$!
{
	archiveVersion = 1;
	classes = {
	};
	objectVersion = 46;
	objects = {

/* Begin PBXBuildFile section */
		F23D6FD21E71D95200991EA1 /* InsertionSort.swift in Sources */ = {isa = PBXBuildFile; fileRef = F23D6FD11E71D95200991EA1 /* InsertionSort.swift */; };
		F23D6FD41E71D9CA00991EA1 /* SelectionSort.swift in Sources */ = {isa = PBXBuildFile; fileRef = F23D6FD31E71D9CA00991EA1 /* SelectionSort.swift */; };
		F23D6FD61E71DA0400991EA1 /* ShellSort.swift in Sources */ = {isa = PBXBuildFile; fileRef = F23D6FD51E71DA0400991EA1 /* ShellSort.swift */; };
		F28BE6201E718F7E0031D541 /* AppDelegate.swift in Sources */ = {isa = PBXBuildFile; fileRef = F28BE61F1E718F7E0031D541 /* AppDelegate.swift */; };
		F28BE6221E718F7E0031D541 /* ViewController.swift in Sources */ = {isa = PBXBuildFile; fileRef = F28BE6211E718F7E0031D541 /* ViewController.swift */; };
		F28BE6251E718F7E0031D541 /* Main.storyboard in Resources */ = {isa = PBXBuildFile; fileRef = F28BE6231E718F7E0031D541 /* Main.storyboard */; };
		F28BE6271E718F7E0031D541 /* Assets.xcassets in Resources */ = {isa = PBXBuildFile; fileRef = F28BE6261E718F7E0031D541 /* Assets.xcassets */; };
		F28BE62A1E718F7E0031D541 /* LaunchScreen.storyboard in Resources */ = {isa = PBXBuildFile; fileRef = F28BE6281E718F7E0031D541 /* LaunchScreen.storyboard */; };
		F28BE6331E718FA90031D541 /* Stack.swift in Sources */ = {isa = PBXBuildFile; fileRef = F28BE6321E718FA90031D541 /* Stack.swift */; };
		F28BE6361E718FFD0031D541 /* Queue.swift in Sources */ = {isa = PBXBuildFile; fileRef = F28BE6351E718FFD0031D541 /* Queue.swift */; };
		F28BE6391E719BA30031D541 /* LinkedList.swift in Sources */ = {isa = PBXBuildFile; fileRef = F28BE6381E719BA30031D541 /* LinkedList.swift */; };
		F28BE63C1E71B2580031D541 /* MergeSort.swift in Sources */ = {isa = PBXBuildFile; fileRef = F28BE63B1E71B2580031D541 /* MergeSort.swift */; };
/* End PBXBuildFile section */

/* Begin PBXFileReference section */
		F23D6FD11E71D95200991EA1 /* InsertionSort.swift */ = {isa = PBXFileReference; fileEncoding = 4; lastKnownFileType = sourcecode.swift; path = InsertionSort.swift; sourceTree = "<group>"; };
		F23D6FD31E71D9CA00991EA1 /* SelectionSort.swift */ = {isa = PBXFileReference; fileEncoding = 4; lastKnownFileType = sourcecode.swift; path = SelectionSort.swift; sourceTree = "<group>"; };
		F23D6FD51E71DA0400991EA1 /* ShellSort.swift */ = {isa = PBXFileReference; fileEncoding = 4; lastKnownFileType = sourcecode.swift; path = ShellSort.swift; sourceTree = "<group>"; };
		F28BE61C1E718F7E0031D541 /* Algorithms.app */ = {isa = PBXFileReference; explicitFileType = wrapper.application; includeInIndex = 0; path = Algorithms.app; sourceTree = BUILT_PRODUCTS_DIR; };
		F28BE61F1E718F7E0031D541 /* AppDelegate.swift */ = {isa = PBXFileReference; lastKnownFileType = sourcecode.swift; path = AppDelegate.swift; sourceTree = "<group>"; };
		F28BE6211E718F7E0031D541 /* ViewController.swift */ = {isa = PBXFileReference; lastKnownFileType = sourcecode.swift; path = ViewController.swift; sourceTree = "<group>"; };
		F28BE6241E718F7E0031D541 /* Base */ = {isa = PBXFileReference; lastKnownFileType = file.storyboard; name = Base; path = Base.lproj/Main.storyboard; sourceTree = "<group>"; };
		F28BE6261E718F7E0031D541 /* Assets.xcassets */ = {isa = PBXFileReference; lastKnownFileType = folder.assetcatalog; path = Assets.xcassets; sourceTree = "<group>"; };
		F28BE6291E718F7E0031D541 /* Base */ = {isa = PBXFileReference; lastKnownFileType = file.storyboard; name = Base; path = Base.lproj/LaunchScreen.storyboard; sourceTree = "<group>"; };
		F28BE62B1E718F7E0031D541 /* Info.plist */ = {isa = PBXFileReference; lastKnownFileType = text.plist.xml; path = Info.plist; sourceTree = "<group>"; };
		F28BE6321E718FA90031D541 /* Stack.swift */ = {isa = PBXFileReference; fileEncoding = 4; lastKnownFileType = sourcecode.swift; path = Stack.swift; sourceTree = "<group>"; };
		F28BE6351E718FFD0031D541 /* Queue.swift */ = {isa = PBXFileReference; fileEncoding = 4; lastKnownFileType = sourcecode.swift; path = Queue.swift; sourceTree = "<group>"; };
		F28BE6381E719BA30031D541 /* LinkedList.swift */ = {isa = PBXFileReference; fileEncoding = 4; lastKnownFileType = sourcecode.swift; path = LinkedList.swift; sourceTree = "<group>"; };
		F28BE63B1E71B2580031D541 /* MergeSort.swift */ = {isa = PBXFileReference; fileEncoding = 4; lastKnownFileType = sourcecode.swift; path = MergeSort.swift; sourceTree = "<group>"; };
/* End PBXFileReference section */

/* Begin PBXFrameworksBuildPhase section */
		F28BE6191E718F7E0031D541 /* Frameworks */ = {
			isa = PBXFrameworksBuildPhase;
			buildActionMask = 2147483647;
			files = (
			);
			runOnlyForDeploymentPostprocessing = 0;
		};
/* End PBXFrameworksBuildPhase section */

/* Begin PBXGroup section */
		F23D6FCE1E71D93100991EA1 /* Insertion Sort */ = {
			isa = PBXGroup;
			children = (
				F23D6FD11E71D95200991EA1 /* InsertionSort.swift */,
			);
			name = "Insertion Sort";
			sourceTree = "<group>";
		};
		F23D6FCF1E71D93A00991EA1 /* Selection Sort */ = {
			isa = PBXGroup;
			children = (
				F23D6FD31E71D9CA00991EA1 /* SelectionSort.swift */,
			);
			name = "Selection Sort";
			sourceTree = "<group>";
		};
		F23D6FD01E71D94200991EA1 /* Shell Sort */ = {
			isa = PBXGroup;
			children = (
				F23D6FD51E71DA0400991EA1 /* ShellSort.swift */,
			);
			name = "Shell Sort";
			sourceTree = "<group>";
		};
		F28BE6131E718F7E0031D541 = {
			isa = PBXGroup;
			children = (
				F23D6FD01E71D94200991EA1 /* Shell Sort */,
				F23D6FCF1E71D93A00991EA1 /* Selection Sort */,
				F23D6FCE1E71D93100991EA1 /* Insertion Sort */,
				F28BE63A1E71B1B00031D541 /* Merge Sort */,
				F28BE6341E718FEB0031D541 /* Queue */,
				F28BE6311E718F9F0031D541 /* Stack */,
				F28BE6371E719B8E0031D541 /* Linked List */,
				F28BE61E1E718F7E0031D541 /* Examples */,
				F28BE61D1E718F7E0031D541 /* Products */,
			);
			sourceTree = "<group>";
		};
		F28BE61D1E718F7E0031D541 /* Products */ = {
			isa = PBXGroup;
			children = (
				F28BE61C1E718F7E0031D541 /* Algorithms.app */,
			);
			name = Products;
			sourceTree = "<group>";
		};
		F28BE61E1E718F7E0031D541 /* Examples */ = {
			isa = PBXGroup;
			children = (
				F28BE61F1E718F7E0031D541 /* AppDelegate.swift */,
				F28BE6211E718F7E0031D541 /* ViewController.swift */,
				F28BE6231E718F7E0031D541 /* Main.storyboard */,
				F28BE6261E718F7E0031D541 /* Assets.xcassets */,
				F28BE6281E718F7E0031D541 /* LaunchScreen.storyboard */,
				F28BE62B1E718F7E0031D541 /* Info.plist */,
			);
			name = Examples;
			path = Algorithms;
			sourceTree = "<group>";
		};
		F28BE6311E718F9F0031D541 /* Stack */ = {
			isa = PBXGroup;
			children = (
				F28BE6321E718FA90031D541 /* Stack.swift */,
			);
			name = Stack;
			sourceTree = "<group>";
		};
		F28BE6341E718FEB0031D541 /* Queue */ = {
			isa = PBXGroup;
			children = (
				F28BE6351E718FFD0031D541 /* Queue.swift */,
			);
			name = Queue;
			sourceTree = "<group>";
		};
		F28BE6371E719B8E0031D541 /* Linked List */ = {
			isa = PBXGroup;
			children = (
				F28BE6381E719BA30031D541 /* LinkedList.swift */,
			);
			name = "Linked List";
			sourceTree = "<group>";
		};
		F28BE63A1E71B1B00031D541 /* Merge Sort */ = {
			isa = PBXGroup;
			children = (
				F28BE63B1E71B2580031D541 /* MergeSort.swift */,
			);
			name = "Merge Sort";
			sourceTree = "<group>";
		};
/* End PBXGroup section */

/* Begin PBXNativeTarget section */
		F28BE61B1E718F7E0031D541 /* Algorithms */ = {
			isa = PBXNativeTarget;
			buildConfigurationList = F28BE62E1E718F7E0031D541 /* Build configuration list for PBXNativeTarget "Algorithms" */;
			buildPhases = (
				F28BE6181E718F7E0031D541 /* Sources */,
				F28BE6191E718F7E0031D541 /* Frameworks */,
				F28BE61A1E718F7E0031D541 /* Resources */,
			);
			buildRules = (
			);
			dependencies = (
			);
			name = Algorithms;
			productName = Algorithms;
			productReference = F28BE61C1E718F7E0031D541 /* Algorithms.app */;
			productType = "com.apple.product-type.application";
		};
/* End PBXNativeTarget section */

/* Begin PBXProject section */
		F28BE6141E718F7E0031D541 /* Project object */ = {
			isa = PBXProject;
			attributes = {
				LastSwiftUpdateCheck = 0820;
				LastUpgradeCheck = 0820;
				ORGANIZATIONNAME = "Emil Gräs";
				TargetAttributes = {
					F28BE61B1E718F7E0031D541 = {
						CreatedOnToolsVersion = 8.2.1;
						ProvisioningStyle = Automatic;
					};
				};
			};
			buildConfigurationList = F28BE6171E718F7E0031D541 /* Build configuration list for PBXProject "Algorithms" */;
			compatibilityVersion = "Xcode 3.2";
			developmentRegion = English;
			hasScannedForEncodings = 0;
			knownRegions = (
				en,
				Base,
			);
			mainGroup = F28BE6131E718F7E0031D541;
			productRefGroup = F28BE61D1E718F7E0031D541 /* Products */;
			projectDirPath = "";
			projectRoot = "";
			targets = (
				F28BE61B1E718F7E0031D541 /* Algorithms */,
			);
		};
/* End PBXProject section */

/* Begin PBXResourcesBuildPhase section */
		F28BE61A1E718F7E0031D541 /* Resources */ = {
			isa = PBXResourcesBuildPhase;
			buildActionMask = 2147483647;
			files = (
				F28BE62A1E718F7E0031D541 /* LaunchScreen.storyboard in Resources */,
				F28BE6271E718F7E0031D541 /* Assets.xcassets in Resources */,
				F28BE6251E718F7E0031D541 /* Main.storyboard in Resources */,
			);
			runOnlyForDeploymentPostprocessing = 0;
		};
/* End PBXResourcesBuildPhase section */

/* Begin PBXSourcesBuildPhase section */
		F28BE6181E718F7E0031D541 /* Sources */ = {
			isa = PBXSourcesBuildPhase;
			buildActionMask = 2147483647;
			files = (
				F28BE63C1E71B2580031D541 /* MergeSort.swift in Sources */,
				F28BE6221E718F7E0031D541 /* ViewController.swift in Sources */,
				F28BE6331E718FA90031D541 /* Stack.swift in Sources */,
				F23D6FD21E71D95200991EA1 /* InsertionSort.swift in Sources */,
				F23D6FD41E71D9CA00991EA1 /* SelectionSort.swift in Sources */,
				F28BE6391E719BA30031D541 /* LinkedList.swift in Sources */,
				F23D6FD61E71DA0400991EA1 /* ShellSort.swift in Sources */,
				F28BE6201E718F7E0031D541 /* AppDelegate.swift in Sources */,
				F28BE6361E718FFD0031D541 /* Queue.swift in Sources */,
			);
			runOnlyForDeploymentPostprocessing = 0;
		};
/* End PBXSourcesBuildPhase section */

/* Begin PBXVariantGroup section */
		F28BE6231E718F7E0031D541 /* Main.storyboard */ = {
			isa = PBXVariantGroup;
			children = (
				F28BE6241E718F7E0031D541 /* Base */,
			);
			name = Main.storyboard;
			sourceTree = "<group>";
		};
		F28BE6281E718F7E0031D541 /* LaunchScreen.storyboard */ = {
			isa = PBXVariantGroup;
			children = (
				F28BE6291E718F7E0031D541 /* Base */,
			);
			name = LaunchScreen.storyboard;
			sourceTree = "<group>";
		};
/* End PBXVariantGroup section */

/* Begin XCBuildConfiguration section */
		F28BE62C1E718F7E0031D541 /* Debug */ = {
			isa = XCBuildConfiguration;
			buildSettings = {
				ALWAYS_SEARCH_USER_PATHS = NO;
				CLANG_ANALYZER_NONNULL = YES;
				CLANG_CXX_LANGUAGE_STANDARD = "gnu++0x";
				CLANG_CXX_LIBRARY = "libc++";
				CLANG_ENABLE_MODULES = YES;
				CLANG_ENABLE_OBJC_ARC = YES;
				CLANG_WARN_BOOL_CONVERSION = YES;
				CLANG_WARN_CONSTANT_CONVERSION = YES;
				CLANG_WARN_DIRECT_OBJC_ISA_USAGE = YES_ERROR;
				CLANG_WARN_DOCUMENTATION_COMMENTS = YES;
				CLANG_WARN_EMPTY_BODY = YES;
				CLANG_WARN_ENUM_CONVERSION = YES;
				CLANG_WARN_INFINITE_RECURSION = YES;
				CLANG_WARN_INT_CONVERSION = YES;
				CLANG_WARN_OBJC_ROOT_CLASS = YES_ERROR;
				CLANG_WARN_SUSPICIOUS_MOVE = YES;
				CLANG_WARN_UNREACHABLE_CODE = YES;
				CLANG_WARN__DUPLICATE_METHOD_MATCH = YES;
				"CODE_SIGN_IDENTITY[sdk=iphoneos*]" = "iPhone Developer";
				COPY_PHASE_STRIP = NO;
				DEBUG_INFORMATION_FORMAT = dwarf;
				ENABLE_STRICT_OBJC_MSGSEND = YES;
				ENABLE_TESTABILITY = YES;
				GCC_C_LANGUAGE_STANDARD = gnu99;
				GCC_DYNAMIC_NO_PIC = NO;
				GCC_NO_COMMON_BLOCKS = YES;
				GCC_OPTIMIZATION_LEVEL = 0;
				GCC_PREPROCESSOR_DEFINITIONS = (
					"DEBUG=1",
					"$(inherited)",
				);
				GCC_WARN_64_TO_32_BIT_CONVERSION = YES;
				GCC_WARN_ABOUT_RETURN_TYPE = YES_ERROR;
				GCC_WARN_UNDECLARED_SELECTOR = YES;
				GCC_WARN_UNINITIALIZED_AUTOS = YES_AGGRESSIVE;
				GCC_WARN_UNUSED_FUNCTION = YES;
				GCC_WARN_UNUSED_VARIABLE = YES;
				IPHONEOS_DEPLOYMENT_TARGET = 10.2;
				MTL_ENABLE_DEBUG_INFO = YES;
				ONLY_ACTIVE_ARCH = YES;
				SDKROOT = iphoneos;
				SWIFT_ACTIVE_COMPILATION_CONDITIONS = DEBUG;
				SWIFT_OPTIMIZATION_LEVEL = "-Onone";
				TARGETED_DEVICE_FAMILY = "1,2";
			};
			name = Debug;
		};
		F28BE62D1E718F7E0031D541 /* Release */ = {
			isa = XCBuildConfiguration;
			buildSettings = {
				ALWAYS_SEARCH_USER_PATHS = NO;
				CLANG_ANALYZER_NONNULL = YES;
				CLANG_CXX_LANGUAGE_STANDARD = "gnu++0x";
				CLANG_CXX_LIBRARY = "libc++";
				CLANG_ENABLE_MODULES = YES;
				CLANG_ENABLE_OBJC_ARC = YES;
				CLANG_WARN_BOOL_CONVERSION = YES;
				CLANG_WARN_CONSTANT_CONVERSION = YES;
				CLANG_WARN_DIRECT_OBJC_ISA_USAGE = YES_ERROR;
				CLANG_WARN_DOCUMENTATION_COMMENTS = YES;
				CLANG_WARN_EMPTY_BODY = YES;
				CLANG_WARN_ENUM_CONVERSION = YES;
				CLANG_WARN_INFINITE_RECURSION = YES;
				CLANG_WARN_INT_CONVERSION = YES;
				CLANG_WARN_OBJC_ROOT_CLASS = YES_ERROR;
				CLANG_WARN_SUSPICIOUS_MOVE = YES;
				CLANG_WARN_UNREACHABLE_CODE = YES;
				CLANG_WARN__DUPLICATE_METHOD_MATCH = YES;
				"CODE_SIGN_IDENTITY[sdk=iphoneos*]" = "iPhone Developer";
				COPY_PHASE_STRIP = NO;
				DEBUG_INFORMATION_FORMAT = "dwarf-with-dsym";
				ENABLE_NS_ASSERTIONS = NO;
				ENABLE_STRICT_OBJC_MSGSEND = YES;
				GCC_C_LANGUAGE_STANDARD = gnu99;
				GCC_NO_COMMON_BLOCKS = YES;
				GCC_WARN_64_TO_32_BIT_CONVERSION = YES;
				GCC_WARN_ABOUT_RETURN_TYPE = YES_ERROR;
				GCC_WARN_UNDECLARED_SELECTOR = YES;
				GCC_WARN_UNINITIALIZED_AUTOS = YES_AGGRESSIVE;
				GCC_WARN_UNUSED_FUNCTION = YES;
				GCC_WARN_UNUSED_VARIABLE = YES;
				IPHONEOS_DEPLOYMENT_TARGET = 10.2;
				MTL_ENABLE_DEBUG_INFO = NO;
				SDKROOT = iphoneos;
				SWIFT_OPTIMIZATION_LEVEL = "-Owholemodule";
				TARGETED_DEVICE_FAMILY = "1,2";
				VALIDATE_PRODUCT = YES;
			};
			name = Release;
		};
		F28BE62F1E718F7E0031D541 /* Debug */ = {
			isa = XCBuildConfiguration;
			buildSettings = {
				ASSETCATALOG_COMPILER_APPICON_NAME = AppIcon;
				INFOPLIST_FILE = Algorithms/Info.plist;
				LD_RUNPATH_SEARCH_PATHS = "$(inherited) @executable_path/Frameworks";
				PRODUCT_BUNDLE_IDENTIFIER = com.emilgras.Algorithms;
				PRODUCT_NAME = "$(TARGET_NAME)";
				SWIFT_VERSION = 3.0;
			};
			name = Debug;
		};
		F28BE6301E718F7E0031D541 /* Release */ = {
			isa = XCBuildConfiguration;
			buildSettings = {
				ASSETCATALOG_COMPILER_APPICON_NAME = AppIcon;
				INFOPLIST_FILE = Algorithms/Info.plist;
				LD_RUNPATH_SEARCH_PATHS = "$(inherited) @executable_path/Frameworks";
				PRODUCT_BUNDLE_IDENTIFIER = com.emilgras.Algorithms;
				PRODUCT_NAME = "$(TARGET_NAME)";
				SWIFT_VERSION = 3.0;
			};
			name = Release;
		};
/* End XCBuildConfiguration section */

/* Begin XCConfigurationList section */
		F28BE6171E718F7E0031D541 /* Build configuration list for PBXProject "Algorithms" */ = {
			isa = XCConfigurationList;
			buildConfigurations = (
				F28BE62C1E718F7E0031D541 /* Debug */,
				F28BE62D1E718F7E0031D541 /* Release */,
			);
			defaultConfigurationIsVisible = 0;
			defaultConfigurationName = Release;
		};
		F28BE62E1E718F7E0031D541 /* Build configuration list for PBXNativeTarget "Algorithms" */ = {
			isa = XCConfigurationList;
			buildConfigurations = (
				F28BE62F1E718F7E0031D541 /* Debug */,
				F28BE6301E718F7E0031D541 /* Release */,
			);
			defaultConfigurationIsVisible = 0;
			defaultConfigurationName = Release;
		};
/* End XCConfigurationList section */
	};
	rootObject = F28BE6141E718F7E0031D541 /* Project object */;
}
